
Microsoft Visual Studio Solution File, Format Version 12.00
# Visual Studio Version 17
VisualStudioVersion = 17.14.36623.8 d17.14
MinimumVisualStudioVersion = 10.0.40219.1
Project("{FAE04EC0-301F-11D3-BF4B-00C04F79EFBC}") = "WineLabelMakerBE", "WineLabelMakerBE\WineLabelMakerBE.csproj", "{F87F19FE-9522-4804-B303-393897ED9594}"
EndProject
Global
	GlobalSection(SolutionConfigurationPlatforms) = preSolution
		Debug|Any CPU = Debug|Any CPU
		Release|Any CPU = Release|Any CPU
	EndGlobalSection
	GlobalSection(ProjectConfigurationPlatforms) = postSolution
		{F87F19FE-9522-4804-B303-393897ED9594}.Debug|Any CPU.ActiveCfg = Debug|Any CPU
		{F87F19FE-9522-4804-B303-393897ED9594}.Debug|Any CPU.Build.0 = Debug|Any CPU
		{F87F19FE-9522-4804-B303-393897ED9594}.Release|Any CPU.ActiveCfg = Release|Any CPU
		{F87F19FE-9522-4804-B303-393897ED9594}.Release|Any CPU.Build.0 = Release|Any CPU
	EndGlobalSection
	GlobalSection(SolutionProperties) = preSolution
		HideSolutionNode = FALSE
	EndGlobalSection
	GlobalSection(ExtensibilityGlobals) = postSolution
		SolutionGuid = {DE085DFF-192F-47BD-8610-1BE780A289FB}
	EndGlobalSection
EndGlobal
